// !$*UTF8*$!
{
	archiveVersion = 1;
	classes = {
	};
	objectVersion = 46;
	objects = {

/* Begin PBXBuildFile section */
		57906E8B1E39069300B8E85A /* main.m in Sources */ = {isa = PBXBuildFile; fileRef = 57906E8A1E39069300B8E85A /* main.m */; };
		57906E8E1E39069300B8E85A /* AppDelegate.m in Sources */ = {isa = PBXBuildFile; fileRef = 57906E8D1E39069300B8E85A /* AppDelegate.m */; };
		57906E911E39069300B8E85A /* ViewController.m in Sources */ = {isa = PBXBuildFile; fileRef = 57906E901E39069300B8E85A /* ViewController.m */; };
		57906E941E39069300B8E85A /* Main.storyboard in Resources */ = {isa = PBXBuildFile; fileRef = 57906E921E39069300B8E85A /* Main.storyboard */; };
		57906E961E39069300B8E85A /* Assets.xcassets in Resources */ = {isa = PBXBuildFile; fileRef = 57906E951E39069300B8E85A /* Assets.xcassets */; };
		57906E991E39069300B8E85A /* LaunchScreen.storyboard in Resources */ = {isa = PBXBuildFile; fileRef = 57906E971E39069300B8E85A /* LaunchScreen.storyboard */; };
/* End PBXBuildFile section */

/* Begin PBXFileReference section */
		57906E861E39069300B8E85A /* ruslan isachenko 25.01.17.app */ = {isa = PBXFileReference; explicitFileType = wrapper.application; includeInIndex = 0; path = "ruslan isachenko 25.01.17.app"; sourceTree = BUILT_PRODUCTS_DIR; };
		57906E8A1E39069300B8E85A /* main.m */ = {isa = PBXFileReference; lastKnownFileType = sourcecode.c.objc; path = main.m; sourceTree = "<group>"; };
		57906E8C1E39069300B8E85A /* AppDelegate.h */ = {isa = PBXFileReference; lastKnownFileType = sourcecode.c.h; path = AppDelegate.h; sourceTree = "<group>"; };
		57906E8D1E39069300B8E85A /* AppDelegate.m */ = {isa = PBXFileReference; lastKnownFileType = sourcecode.c.objc; path = AppDelegate.m; sourceTree = "<group>"; };
		57906E8F1E39069300B8E85A /* ViewController.h */ = {isa = PBXFileReference; lastKnownFileType = sourcecode.c.h; path = ViewController.h; sourceTree = "<group>"; };
		57906E901E39069300B8E85A /* ViewController.m */ = {isa = PBXFileReference; lastKnownFileType = sourcecode.c.objc; path = ViewController.m; sourceTree = "<group>"; };
		57906E931E39069300B8E85A /* Base */ = {isa = PBXFileReference; lastKnownFileType = file.storyboard; name = Base; path = Base.lproj/Main.storyboard; sourceTree = "<group>"; };
		57906E951E39069300B8E85A /* Assets.xcassets */ = {isa = PBXFileReference; lastKnownFileType = folder.assetcatalog; path = Assets.xcassets; sourceTree = "<group>"; };
		57906E981E39069300B8E85A /* Base */ = {isa = PBXFileReference; lastKnownFileType = file.storyboard; name = Base; path = Base.lproj/LaunchScreen.storyboard; sourceTree = "<group>"; };
		57906E9A1E39069300B8E85A /* Info.plist */ = {isa = PBXFileReference; lastKnownFileType = text.plist.xml; path = Info.plist; sourceTree = "<group>"; };
/* End PBXFileReference section */

/* Begin PBXFrameworksBuildPhase section */
		57906E831E39069100B8E85A /* Frameworks */ = {
			isa = PBXFrameworksBuildPhase;
			buildActionMask = 2147483647;
			files = (
			);
			runOnlyForDeploymentPostprocessing = 0;
		};
/* End PBXFrameworksBuildPhase section */

/* Begin PBXGroup section */
		57906E7D1E39069100B8E85A = {
			isa = PBXGroup;
			children = (
				57906E881E39069300B8E85A /* ruslan isachenko 25.01.17 */,
				57906E871E39069300B8E85A /* Products */,
			);
			sourceTree = "<group>";
		};
		57906E871E39069300B8E85A /* Products */ = {
			isa = PBXGroup;
			children = (
				57906E861E39069300B8E85A /* ruslan isachenko 25.01.17.app */,
			);
			name = Products;
			sourceTree = "<group>";
		};
		57906E881E39069300B8E85A /* ruslan isachenko 25.01.17 */ = {
			isa = PBXGroup;
			children = (
				57906E8C1E39069300B8E85A /* AppDelegate.h */,
				57906E8D1E39069300B8E85A /* AppDelegate.m */,
				57906E8F1E39069300B8E85A /* ViewController.h */,
				57906E901E39069300B8E85A /* ViewController.m */,
				57906E921E39069300B8E85A /* Main.storyboard */,
				57906E951E39069300B8E85A /* Assets.xcassets */,
				57906E971E39069300B8E85A /* LaunchScreen.storyboard */,
				57906E9A1E39069300B8E85A /* Info.plist */,
				57906E891E39069300B8E85A /* Supporting Files */,
			);
			path = "ruslan isachenko 25.01.17";
			sourceTree = "<group>";
		};
		57906E891E39069300B8E85A /* Supporting Files */ = {
			isa = PBXGroup;
			children = (
				57906E8A1E39069300B8E85A /* main.m */,
			);
			name = "Supporting Files";
			sourceTree = "<group>";
		};
/* End PBXGroup section */

/* Begin PBXNativeTarget section */
		57906E851E39069100B8E85A /* ruslan isachenko 25.01.17 */ = {
			isa = PBXNativeTarget;
			buildConfigurationList = 57906E9D1E39069300B8E85A /* Build configuration list for PBXNativeTarget "ruslan isachenko 25.01.17" */;
			buildPhases = (
				57906E821E39069100B8E85A /* Sources */,
				57906E831E39069100B8E85A /* Frameworks */,
				57906E841E39069100B8E85A /* Resources */,
			);
			buildRules = (
			);
			dependencies = (
			);
			name = "ruslan isachenko 25.01.17";
			productName = "ruslan isachenko 25.01.17";
			productReference = 57906E861E39069300B8E85A /* ruslan isachenko 25.01.17.app */;
			productType = "com.apple.product-type.application";
		};
/* End PBXNativeTarget section */

/* Begin PBXProject section */
		57906E7E1E39069100B8E85A /* Project object */ = {
			isa = PBXProject;
			attributes = {
				LastUpgradeCheck = 0820;
				ORGANIZATIONNAME = ruslan;
				TargetAttributes = {
					57906E851E39069100B8E85A = {
						CreatedOnToolsVersion = 8.2.1;
						ProvisioningStyle = Automatic;
					};
				};
			};
			buildConfigurationList = 57906E811E39069100B8E85A /* Build configuration list for PBXProject "ruslan isachenko 25.01.17" */;
			compatibilityVersion = "Xcode 3.2";
			developmentRegion = English;
			hasScannedForEncodings = 0;
			knownRegions = (
				en,
				Base,
			);
			mainGroup = 57906E7D1E39069100B8E85A;
			productRefGroup = 57906E871E39069300B8E85A /* Products */;
			projectDirPath = "";
			projectRoot = "";
			targets = (
				57906E851E39069100B8E85A /* ruslan isachenko 25.01.17 */,
			);
		};
/* End PBXProject section */

/* Begin PBXResourcesBuildPhase section */
		57906E841E39069100B8E85A /* Resources */ = {
			isa = PBXResourcesBuildPhase;
			buildActionMask = 2147483647;
			files = (
				57906E991E39069300B8E85A /* LaunchScreen.storyboard in Resources */,
				57906E961E39069300B8E85A /* Assets.xcassets in Resources */,
				57906E941E39069300B8E85A /* Main.storyboard in Resources */,
			);
			runOnlyForDeploymentPostprocessing = 0;
		};
/* End PBXResourcesBuildPhase section */

/* Begin PBXSourcesBuildPhase section */
		57906E821E39069100B8E85A /* Sources */ = {
			isa = PBXSourcesBuildPhase;
			buildActionMask = 2147483647;
			files = (
				57906E911E39069300B8E85A /* ViewController.m in Sources */,
				57906E8E1E39069300B8E85A /* AppDelegate.m in Sources */,
				57906E8B1E39069300B8E85A /* main.m in Sources */,
			);
			runOnlyForDeploymentPostprocessing = 0;
		};
/* End PBXSourcesBuildPhase section */

/* Begin PBXVariantGroup section */
		57906E921E39069300B8E85A /* Main.storyboard */ = {
			isa = PBXVariantGroup;
			children = (
				57906E931E39069300B8E85A /* Base */,
			);
			name = Main.storyboard;
			sourceTree = "<group>";
		};
		57906E971E39069300B8E85A /* LaunchScreen.storyboard */ = {
			isa = PBXVariantGroup;
			children = (
				57906E981E39069300B8E85A /* Base */,
			);
			name = LaunchScreen.storyboard;
			sourceTree = "<group>";
		};
/* End PBXVariantGroup section */

/* Begin XCBuildConfiguration section */
		57906E9B1E39069300B8E85A /* Debug */ = {
			isa = XCBuildConfiguration;
			buildSettings = {
				ALWAYS_SEARCH_USER_PATHS = NO;
				CLANG_ANALYZER_NONNULL = YES;
				CLANG_CXX_LANGUAGE_STANDARD = "gnu++0x";
				CLANG_CXX_LIBRARY = "libc++";
				CLANG_ENABLE_MODULES = YES;
				CLANG_ENABLE_OBJC_ARC = YES;
				CLANG_WARN_BOOL_CONVERSION = YES;
				CLANG_WARN_CONSTANT_CONVERSION = YES;
				CLANG_WARN_DIRECT_OBJC_ISA_USAGE = YES_ERROR;
				CLANG_WARN_DOCUMENTATION_COMMENTS = YES;
				CLANG_WARN_EMPTY_BODY = YES;
				CLANG_WARN_ENUM_CONVERSION = YES;
				CLANG_WARN_INFINITE_RECURSION = YES;
				CLANG_WARN_INT_CONVERSION = YES;
				CLANG_WARN_OBJC_ROOT_CLASS = YES_ERROR;
				CLANG_WARN_SUSPICIOUS_MOVE = YES;
				CLANG_WARN_UNREACHABLE_CODE = YES;
				CLANG_WARN__DUPLICATE_METHOD_MATCH = YES;
				"CODE_SIGN_IDENTITY[sdk=iphoneos*]" = "iPhone Developer";
				COPY_PHASE_STRIP = NO;
				DEBUG_INFORMATION_FORMAT = dwarf;
				ENABLE_STRICT_OBJC_MSGSEND = YES;
				ENABLE_TESTABILITY = YES;
				GCC_C_LANGUAGE_STANDARD = gnu99;
				GCC_DYNAMIC_NO_PIC = NO;
				GCC_NO_COMMON_BLOCKS = YES;
				GCC_OPTIMIZATION_LEVEL = 0;
				GCC_PREPROCESSOR_DEFINITIONS = (
					"DEBUG=1",
					"$(inherited)",
				);
				GCC_WARN_64_TO_32_BIT_CONVERSION = YES;
				GCC_WARN_ABOUT_RETURN_TYPE = YES_ERROR;
				GCC_WARN_UNDECLARED_SELECTOR = YES;
				GCC_WARN_UNINITIALIZED_AUTOS = YES_AGGRESSIVE;
				GCC_WARN_UNUSED_FUNCTION = YES;
				GCC_WARN_UNUSED_VARIABLE = YES;
				IPHONEOS_DEPLOYMENT_TARGET = 10.2;
				MTL_ENABLE_DEBUG_INFO = YES;
				ONLY_ACTIVE_ARCH = YES;
				SDKROOT = iphoneos;
			};
			name = Debug;
		};
		57906E9C1E39069300B8E85A /* Release */ = {
			isa = XCBuildConfiguration;
			buildSettings = {
				ALWAYS_SEARCH_USER_PATHS = NO;
				CLANG_ANALYZER_NONNULL = YES;
				CLANG_CXX_LANGUAGE_STANDARD = "gnu++0x";
				CLANG_CXX_LIBRARY = "libc++";
				CLANG_ENABLE_MODULES = YES;
				CLANG_ENABLE_OBJC_ARC = YES;
				CLANG_WARN_BOOL_CONVERSION = YES;
				CLANG_WARN_CONSTANT_CONVERSION = YES;
				CLANG_WARN_DIRECT_OBJC_ISA_USAGE = YES_ERROR;
				CLANG_WARN_DOCUMENTATION_COMMENTS = YES;
				CLANG_WARN_EMPTY_BODY = YES;
				CLANG_WARN_ENUM_CONVERSION = YES;
				CLANG_WARN_INFINITE_RECURSION = YES;
				CLANG_WARN_INT_CONVERSION = YES;
				CLANG_WARN_OBJC_ROOT_CLASS = YES_ERROR;
				CLANG_WARN_SUSPICIOUS_MOVE = YES;
				CLANG_WARN_UNREACHABLE_CODE = YES;
				CLANG_WARN__DUPLICATE_METHOD_MATCH = YES;
				"CODE_SIGN_IDENTITY[sdk=iphoneos*]" = "iPhone Developer";
				COPY_PHASE_STRIP = NO;
				DEBUG_INFORMATION_FORMAT = "dwarf-with-dsym";
				ENABLE_NS_ASSERTIONS = NO;
				ENABLE_STRICT_OBJC_MSGSEND = YES;
				GCC_C_LANGUAGE_STANDARD = gnu99;
				GCC_NO_COMMON_BLOCKS = YES;
				GCC_WARN_64_TO_32_BIT_CONVERSION = YES;
				GCC_WARN_ABOUT_RETURN_TYPE = YES_ERROR;
				GCC_WARN_UNDECLARED_SELECTOR = YES;
				GCC_WARN_UNINITIALIZED_AUTOS = YES_AGGRESSIVE;
				GCC_WARN_UNUSED_FUNCTION = YES;
				GCC_WARN_UNUSED_VARIABLE = YES;
				IPHONEOS_DEPLOYMENT_TARGET = 10.2;
				MTL_ENABLE_DEBUG_INFO = NO;
				SDKROOT = iphoneos;
				VALIDATE_PRODUCT = YES;
			};
			name = Release;
		};
		57906E9E1E39069300B8E85A /* Debug */ = {
			isa = XCBuildConfiguration;
			buildSettings = {
				ASSETCATALOG_COMPILER_APPICON_NAME = AppIcon;
				INFOPLIST_FILE = "ruslan isachenko 25.01.17/Info.plist";
				LD_RUNPATH_SEARCH_PATHS = "$(inherited) @executable_path/Frameworks";
				PRODUCT_BUNDLE_IDENTIFIER = "ruslan-.ruslan-isachenko-25-01-17";
				PRODUCT_NAME = "$(TARGET_NAME)";
			};
			name = Debug;
		};
		57906E9F1E39069300B8E85A /* Release */ = {
			isa = XCBuildConfiguration;
			buildSettings = {
				ASSETCATALOG_COMPILER_APPICON_NAME = AppIcon;
				INFOPLIST_FILE = "ruslan isachenko 25.01.17/Info.plist";
				LD_RUNPATH_SEARCH_PATHS = "$(inherited) @executable_path/Frameworks";
				PRODUCT_BUNDLE_IDENTIFIER = "ruslan-.ruslan-isachenko-25-01-17";
				PRODUCT_NAME = "$(TARGET_NAME)";
			};
			name = Release;
		};
/* End XCBuildConfiguration section */

/* Begin XCConfigurationList section */
		57906E811E39069100B8E85A /* Build configuration list for PBXProject "ruslan isachenko 25.01.17" */ = {
			isa = XCConfigurationList;
			buildConfigurations = (
				57906E9B1E39069300B8E85A /* Debug */,
				57906E9C1E39069300B8E85A /* Release */,
			);
			defaultConfigurationIsVisible = 0;
			defaultConfigurationName = Release;
		};
		57906E9D1E39069300B8E85A /* Build configuration list for PBXNativeTarget "ruslan isachenko 25.01.17" */ = {
			isa = XCConfigurationList;
			buildConfigurations = (
				57906E9E1E39069300B8E85A /* Debug */,
				57906E9F1E39069300B8E85A /* Release */,
			);
			defaultConfigurationIsVisible = 0;
		};
/* End XCConfigurationList section */
	};
	rootObject = 57906E7E1E39069100B8E85A /* Project object */;
}
