// !$*UTF8*$!
{
	archiveVersion = 1;
	classes = {
	};
	objectVersion = 46;
	objects = {

/* Begin PBXBuildFile section */
		57197AF01E424DE800004BF1 /* main.m in Sources */ = {isa = PBXBuildFile; fileRef = 57197AEF1E424DE800004BF1 /* main.m */; };
		57197AF31E424DE800004BF1 /* AppDelegate.m in Sources */ = {isa = PBXBuildFile; fileRef = 57197AF21E424DE800004BF1 /* AppDelegate.m */; };
		57197AF61E424DE900004BF1 /* ViewController.m in Sources */ = {isa = PBXBuildFile; fileRef = 57197AF51E424DE900004BF1 /* ViewController.m */; };
		57197AF91E424DE900004BF1 /* Main.storyboard in Resources */ = {isa = PBXBuildFile; fileRef = 57197AF71E424DE900004BF1 /* Main.storyboard */; };
		57197AFB1E424DE900004BF1 /* Assets.xcassets in Resources */ = {isa = PBXBuildFile; fileRef = 57197AFA1E424DE900004BF1 /* Assets.xcassets */; };
		57197AFE1E424DE900004BF1 /* LaunchScreen.storyboard in Resources */ = {isa = PBXBuildFile; fileRef = 57197AFC1E424DE900004BF1 /* LaunchScreen.storyboard */; };
		57197B071E425C2000004BF1 /* Human.m in Sources */ = {isa = PBXBuildFile; fileRef = 57197B061E425C2000004BF1 /* Human.m */; };
/* End PBXBuildFile section */

/* Begin PBXFileReference section */
		57197AEB1E424DE700004BF1 /* 1.02.17.app */ = {isa = PBXFileReference; explicitFileType = wrapper.application; includeInIndex = 0; path = 1.02.17.app; sourceTree = BUILT_PRODUCTS_DIR; };
		57197AEF1E424DE800004BF1 /* main.m */ = {isa = PBXFileReference; lastKnownFileType = sourcecode.c.objc; path = main.m; sourceTree = "<group>"; };
		57197AF11E424DE800004BF1 /* AppDelegate.h */ = {isa = PBXFileReference; lastKnownFileType = sourcecode.c.h; path = AppDelegate.h; sourceTree = "<group>"; };
		57197AF21E424DE800004BF1 /* AppDelegate.m */ = {isa = PBXFileReference; lastKnownFileType = sourcecode.c.objc; path = AppDelegate.m; sourceTree = "<group>"; };
		57197AF41E424DE800004BF1 /* ViewController.h */ = {isa = PBXFileReference; lastKnownFileType = sourcecode.c.h; path = ViewController.h; sourceTree = "<group>"; };
		57197AF51E424DE900004BF1 /* ViewController.m */ = {isa = PBXFileReference; lastKnownFileType = sourcecode.c.objc; path = ViewController.m; sourceTree = "<group>"; };
		57197AF81E424DE900004BF1 /* Base */ = {isa = PBXFileReference; lastKnownFileType = file.storyboard; name = Base; path = Base.lproj/Main.storyboard; sourceTree = "<group>"; };
		57197AFA1E424DE900004BF1 /* Assets.xcassets */ = {isa = PBXFileReference; lastKnownFileType = folder.assetcatalog; path = Assets.xcassets; sourceTree = "<group>"; };
		57197AFD1E424DE900004BF1 /* Base */ = {isa = PBXFileReference; lastKnownFileType = file.storyboard; name = Base; path = Base.lproj/LaunchScreen.storyboard; sourceTree = "<group>"; };
		57197AFF1E424DE900004BF1 /* Info.plist */ = {isa = PBXFileReference; lastKnownFileType = text.plist.xml; path = Info.plist; sourceTree = "<group>"; };
		57197B051E425C2000004BF1 /* Human.h */ = {isa = PBXFileReference; fileEncoding = 4; lastKnownFileType = sourcecode.c.h; path = Human.h; sourceTree = "<group>"; };
		57197B061E425C2000004BF1 /* Human.m */ = {isa = PBXFileReference; fileEncoding = 4; lastKnownFileType = sourcecode.c.objc; path = Human.m; sourceTree = "<group>"; };
/* End PBXFileReference section */

/* Begin PBXFrameworksBuildPhase section */
		57197AE81E424DE700004BF1 /* Frameworks */ = {
			isa = PBXFrameworksBuildPhase;
			buildActionMask = 2147483647;
			files = (
			);
			runOnlyForDeploymentPostprocessing = 0;
		};
/* End PBXFrameworksBuildPhase section */

/* Begin PBXGroup section */
		57197AE21E424DE700004BF1 = {
			isa = PBXGroup;
			children = (
				57197AED1E424DE700004BF1 /* 1.02.17 */,
				57197AEC1E424DE700004BF1 /* Products */,
			);
			sourceTree = "<group>";
		};
		57197AEC1E424DE700004BF1 /* Products */ = {
			isa = PBXGroup;
			children = (
				57197AEB1E424DE700004BF1 /* 1.02.17.app */,
			);
			name = Products;
			sourceTree = "<group>";
		};
		57197AED1E424DE700004BF1 /* 1.02.17 */ = {
			isa = PBXGroup;
			children = (
				57197B051E425C2000004BF1 /* Human.h */,
				57197B061E425C2000004BF1 /* Human.m */,
				57197AF11E424DE800004BF1 /* AppDelegate.h */,
				57197AF21E424DE800004BF1 /* AppDelegate.m */,
				57197AEE1E424DE800004BF1 /* Supporting Files */,
			);
			path = 1.02.17;
			sourceTree = "<group>";
		};
		57197AEE1E424DE800004BF1 /* Supporting Files */ = {
			isa = PBXGroup;
			children = (
				57197AF41E424DE800004BF1 /* ViewController.h */,
				57197AF51E424DE900004BF1 /* ViewController.m */,
				57197AF71E424DE900004BF1 /* Main.storyboard */,
				57197AFA1E424DE900004BF1 /* Assets.xcassets */,
				57197AFC1E424DE900004BF1 /* LaunchScreen.storyboard */,
				57197AFF1E424DE900004BF1 /* Info.plist */,
				57197AEF1E424DE800004BF1 /* main.m */,
			);
			name = "Supporting Files";
			sourceTree = "<group>";
		};
/* End PBXGroup section */

/* Begin PBXNativeTarget section */
		57197AEA1E424DE700004BF1 /* 1.02.17 */ = {
			isa = PBXNativeTarget;
			buildConfigurationList = 57197B021E424DE900004BF1 /* Build configuration list for PBXNativeTarget "1.02.17" */;
			buildPhases = (
				57197AE71E424DE700004BF1 /* Sources */,
				57197AE81E424DE700004BF1 /* Frameworks */,
				57197AE91E424DE700004BF1 /* Resources */,
			);
			buildRules = (
			);
			dependencies = (
			);
			name = 1.02.17;
			productName = 1.02.17;
			productReference = 57197AEB1E424DE700004BF1 /* 1.02.17.app */;
			productType = "com.apple.product-type.application";
		};
/* End PBXNativeTarget section */

/* Begin PBXProject section */
		57197AE31E424DE700004BF1 /* Project object */ = {
			isa = PBXProject;
			attributes = {
				LastUpgradeCheck = 0820;
				ORGANIZATIONNAME = ruslan;
				TargetAttributes = {
					57197AEA1E424DE700004BF1 = {
						CreatedOnToolsVersion = 8.2.1;
						ProvisioningStyle = Automatic;
					};
				};
			};
			buildConfigurationList = 57197AE61E424DE700004BF1 /* Build configuration list for PBXProject "1.02.17" */;
			compatibilityVersion = "Xcode 3.2";
			developmentRegion = English;
			hasScannedForEncodings = 0;
			knownRegions = (
				en,
				Base,
			);
			mainGroup = 57197AE21E424DE700004BF1;
			productRefGroup = 57197AEC1E424DE700004BF1 /* Products */;
			projectDirPath = "";
			projectRoot = "";
			targets = (
				57197AEA1E424DE700004BF1 /* 1.02.17 */,
			);
		};
/* End PBXProject section */

/* Begin PBXResourcesBuildPhase section */
		57197AE91E424DE700004BF1 /* Resources */ = {
			isa = PBXResourcesBuildPhase;
			buildActionMask = 2147483647;
			files = (
				57197AFE1E424DE900004BF1 /* LaunchScreen.storyboard in Resources */,
				57197AFB1E424DE900004BF1 /* Assets.xcassets in Resources */,
				57197AF91E424DE900004BF1 /* Main.storyboard in Resources */,
			);
			runOnlyForDeploymentPostprocessing = 0;
		};
/* End PBXResourcesBuildPhase section */

/* Begin PBXSourcesBuildPhase section */
		57197AE71E424DE700004BF1 /* Sources */ = {
			isa = PBXSourcesBuildPhase;
			buildActionMask = 2147483647;
			files = (
				57197AF61E424DE900004BF1 /* ViewController.m in Sources */,
				57197AF31E424DE800004BF1 /* AppDelegate.m in Sources */,
				57197AF01E424DE800004BF1 /* main.m in Sources */,
				57197B071E425C2000004BF1 /* Human.m in Sources */,
			);
			runOnlyForDeploymentPostprocessing = 0;
		};
/* End PBXSourcesBuildPhase section */

/* Begin PBXVariantGroup section */
		57197AF71E424DE900004BF1 /* Main.storyboard */ = {
			isa = PBXVariantGroup;
			children = (
				57197AF81E424DE900004BF1 /* Base */,
			);
			name = Main.storyboard;
			sourceTree = "<group>";
		};
		57197AFC1E424DE900004BF1 /* LaunchScreen.storyboard */ = {
			isa = PBXVariantGroup;
			children = (
				57197AFD1E424DE900004BF1 /* Base */,
			);
			name = LaunchScreen.storyboard;
			sourceTree = "<group>";
		};
/* End PBXVariantGroup section */

/* Begin XCBuildConfiguration section */
		57197B001E424DE900004BF1 /* Debug */ = {
			isa = XCBuildConfiguration;
			buildSettings = {
				ALWAYS_SEARCH_USER_PATHS = NO;
				CLANG_ANALYZER_NONNULL = YES;
				CLANG_CXX_LANGUAGE_STANDARD = "gnu++0x";
				CLANG_CXX_LIBRARY = "libc++";
				CLANG_ENABLE_MODULES = YES;
				CLANG_ENABLE_OBJC_ARC = YES;
				CLANG_WARN_BOOL_CONVERSION = YES;
				CLANG_WARN_CONSTANT_CONVERSION = YES;
				CLANG_WARN_DIRECT_OBJC_ISA_USAGE = YES_ERROR;
				CLANG_WARN_DOCUMENTATION_COMMENTS = YES;
				CLANG_WARN_EMPTY_BODY = YES;
				CLANG_WARN_ENUM_CONVERSION = YES;
				CLANG_WARN_INFINITE_RECURSION = YES;
				CLANG_WARN_INT_CONVERSION = YES;
				CLANG_WARN_OBJC_ROOT_CLASS = YES_ERROR;
				CLANG_WARN_SUSPICIOUS_MOVE = YES;
				CLANG_WARN_UNREACHABLE_CODE = YES;
				CLANG_WARN__DUPLICATE_METHOD_MATCH = YES;
				"CODE_SIGN_IDENTITY[sdk=iphoneos*]" = "iPhone Developer";
				COPY_PHASE_STRIP = NO;
				DEBUG_INFORMATION_FORMAT = dwarf;
				ENABLE_STRICT_OBJC_MSGSEND = YES;
				ENABLE_TESTABILITY = YES;
				GCC_C_LANGUAGE_STANDARD = gnu99;
				GCC_DYNAMIC_NO_PIC = NO;
				GCC_NO_COMMON_BLOCKS = YES;
				GCC_OPTIMIZATION_LEVEL = 0;
				GCC_PREPROCESSOR_DEFINITIONS = (
					"DEBUG=1",
					"$(inherited)",
				);
				GCC_WARN_64_TO_32_BIT_CONVERSION = YES;
				GCC_WARN_ABOUT_RETURN_TYPE = YES_ERROR;
				GCC_WARN_UNDECLARED_SELECTOR = YES;
				GCC_WARN_UNINITIALIZED_AUTOS = YES_AGGRESSIVE;
				GCC_WARN_UNUSED_FUNCTION = YES;
				GCC_WARN_UNUSED_VARIABLE = YES;
				IPHONEOS_DEPLOYMENT_TARGET = 10.2;
				MTL_ENABLE_DEBUG_INFO = YES;
				ONLY_ACTIVE_ARCH = YES;
				SDKROOT = iphoneos;
			};
			name = Debug;
		};
		57197B011E424DE900004BF1 /* Release */ = {
			isa = XCBuildConfiguration;
			buildSettings = {
				ALWAYS_SEARCH_USER_PATHS = NO;
				CLANG_ANALYZER_NONNULL = YES;
				CLANG_CXX_LANGUAGE_STANDARD = "gnu++0x";
				CLANG_CXX_LIBRARY = "libc++";
				CLANG_ENABLE_MODULES = YES;
				CLANG_ENABLE_OBJC_ARC = YES;
				CLANG_WARN_BOOL_CONVERSION = YES;
				CLANG_WARN_CONSTANT_CONVERSION = YES;
				CLANG_WARN_DIRECT_OBJC_ISA_USAGE = YES_ERROR;
				CLANG_WARN_DOCUMENTATION_COMMENTS = YES;
				CLANG_WARN_EMPTY_BODY = YES;
				CLANG_WARN_ENUM_CONVERSION = YES;
				CLANG_WARN_INFINITE_RECURSION = YES;
				CLANG_WARN_INT_CONVERSION = YES;
				CLANG_WARN_OBJC_ROOT_CLASS = YES_ERROR;
				CLANG_WARN_SUSPICIOUS_MOVE = YES;
				CLANG_WARN_UNREACHABLE_CODE = YES;
				CLANG_WARN__DUPLICATE_METHOD_MATCH = YES;
				"CODE_SIGN_IDENTITY[sdk=iphoneos*]" = "iPhone Developer";
				COPY_PHASE_STRIP = NO;
				DEBUG_INFORMATION_FORMAT = "dwarf-with-dsym";
				ENABLE_NS_ASSERTIONS = NO;
				ENABLE_STRICT_OBJC_MSGSEND = YES;
				GCC_C_LANGUAGE_STANDARD = gnu99;
				GCC_NO_COMMON_BLOCKS = YES;
				GCC_WARN_64_TO_32_BIT_CONVERSION = YES;
				GCC_WARN_ABOUT_RETURN_TYPE = YES_ERROR;
				GCC_WARN_UNDECLARED_SELECTOR = YES;
				GCC_WARN_UNINITIALIZED_AUTOS = YES_AGGRESSIVE;
				GCC_WARN_UNUSED_FUNCTION = YES;
				GCC_WARN_UNUSED_VARIABLE = YES;
				IPHONEOS_DEPLOYMENT_TARGET = 10.2;
				MTL_ENABLE_DEBUG_INFO = NO;
				SDKROOT = iphoneos;
				VALIDATE_PRODUCT = YES;
			};
			name = Release;
		};
		57197B031E424DE900004BF1 /* Debug */ = {
			isa = XCBuildConfiguration;
			buildSettings = {
				ASSETCATALOG_COMPILER_APPICON_NAME = AppIcon;
				INFOPLIST_FILE = 1.02.17/Info.plist;
				LD_RUNPATH_SEARCH_PATHS = "$(inherited) @executable_path/Frameworks";
				PRODUCT_BUNDLE_IDENTIFIER = "ruslan-.--02-17";
				PRODUCT_NAME = "$(TARGET_NAME)";
			};
			name = Debug;
		};
		57197B041E424DE900004BF1 /* Release */ = {
			isa = XCBuildConfiguration;
			buildSettings = {
				ASSETCATALOG_COMPILER_APPICON_NAME = AppIcon;
				INFOPLIST_FILE = 1.02.17/Info.plist;
				LD_RUNPATH_SEARCH_PATHS = "$(inherited) @executable_path/Frameworks";
				PRODUCT_BUNDLE_IDENTIFIER = "ruslan-.--02-17";
				PRODUCT_NAME = "$(TARGET_NAME)";
			};
			name = Release;
		};
/* End XCBuildConfiguration section */

/* Begin XCConfigurationList section */
		57197AE61E424DE700004BF1 /* Build configuration list for PBXProject "1.02.17" */ = {
			isa = XCConfigurationList;
			buildConfigurations = (
				57197B001E424DE900004BF1 /* Debug */,
				57197B011E424DE900004BF1 /* Release */,
			);
			defaultConfigurationIsVisible = 0;
			defaultConfigurationName = Release;
		};
		57197B021E424DE900004BF1 /* Build configuration list for PBXNativeTarget "1.02.17" */ = {
			isa = XCConfigurationList;
			buildConfigurations = (
				57197B031E424DE900004BF1 /* Debug */,
				57197B041E424DE900004BF1 /* Release */,
			);
			defaultConfigurationIsVisible = 0;
		};
/* End XCConfigurationList section */
	};
	rootObject = 57197AE31E424DE700004BF1 /* Project object */;
}
